{
  "originHash" : "14cae5a34f99cb5983b70c5b07fb2e1301590872de817b43c96f8dd6d07dfa66",
  "pins" : [
    {
      "identity" : "indicateappledisplay",
      "kind" : "remoteSourceControl",
      "location" : "https://github.com/luofang34/IndicateAppleDisplay.git",
      "state" : {
        "revision" : "ca5fe14f22798fbee2d184970b928b04736f4083"
      }
    }
  ],
  "version" : 3
}
