{
  "originHash" : "baa6945a215f4a8e460402595dbd4b3217b5a49488dc8057bd9554fc6717aff8",
  "pins" : [
    {
      "identity" : "indicateappledisplay",
      "kind" : "remoteSourceControl",
      "location" : "https://github.com/luofang34/IndicateAppleDisplay.git",
      "state" : {
        "revision" : "74e5845d09a58342fd282ec426759550dafc6887"
      }
    }
  ],
  "version" : 3
}
